# THIS IS AN AUTOGENERATED FILE. DO NOT EDIT THIS FILE DIRECTLY.
# yarn lockfile v1


"@babel/polyfill@^7.0.0-beta.52":
  version "7.4.4"
  resolved "https://registry.yarnpkg.com/@babel/polyfill/-/polyfill-7.4.4.tgz#78801cf3dbe657844eeabf31c1cae3828051e893"
  integrity sha512-WlthFLfhQQhh+A2Gn5NSFl0Huxz36x86Jn+E9OW7ibK8edKPq+KLy4apM1yDpQ8kJOVi1OVjpP4vSDLdrI04dg==
  dependencies:
    core-js "^2.6.5"
    regenerator-runtime "^0.13.2"

"@masaeedu/adt@^1.0.3":
  version "1.1.0"
  resolved "https://registry.yarnpkg.com/@masaeedu/adt/-/adt-1.1.0.tgz#11273ad28eef92def5420cbd99f799a5b7bd30d5"
  integrity sha512-Yoprr0VE9SrhCpwPYj8kiLKLDkysIdlcv0MOkThTX+CYBaprEc0OwdYbGKz6r8t5823fWRRi6AGmc7beK7PIlg==

"@masaeedu/do@^0.0.1":
  version "0.0.1"
  resolved "https://registry.yarnpkg.com/@masaeedu/do/-/do-0.0.1.tgz#ce35ee8c728238e5db2b069a8e4501afe05e48f2"
  integrity sha512-OLxerQzEieatYyg0s7L/GqRXVQZj67xgDx2AuadM4eyefUrkm8LQva8lI3G6WARuS/hs8ba3xaZpsq4V9OA+rQ==

"@masaeedu/fp@^10.1.0":
  version "10.1.0"
  resolved "https://registry.yarnpkg.com/@masaeedu/fp/-/fp-10.1.0.tgz#003f98273f6461fbbb8f8f43c2c6a1e49489453c"
  integrity sha512-QdSF/XzkKAgltGBU1Sasle+sbnii9xI9f35GYmMI0tygHIrPRSd8eBR+hzHUIAKa5EB0NbdV8Gn1hR5Xb0QdPg==
  dependencies:
    "@babel/polyfill" "^7.0.0-beta.52"
    "@masaeedu/adt" "^1.0.3"
    "@masaeedu/do" "^0.0.1"
    "@masaeedu/infix" "^1.2.0"
    natch "^1.1.1"

"@masaeedu/infix@^1.2.0":
  version "1.2.0"
  resolved "https://registry.yarnpkg.com/@masaeedu/infix/-/infix-1.2.0.tgz#3ca1265db27da4a8e02785035430b6dead16ec3a"
  integrity sha512-kZDOVwOjVHv7AvTSuuwYBbXVUtoeIpjIQ9z/gKKOWtH0TGGiNFUWt+WV73NgQe1EWf+B7/C2gPtfhCYT3tf06w==

core-js@^2.6.5:
  version "2.6.9"
  resolved "https://registry.yarnpkg.com/core-js/-/core-js-2.6.9.tgz#6b4b214620c834152e179323727fc19741b084f2"
  integrity sha512-HOpZf6eXmnl7la+cUdMnLvUxKNqLUzJvgIziQ0DiF3JwSImNphIqdGqzj6hIKyX04MmV0poclQ7+wjWvxQyR2A==

natch@^1.1.1:
  version "1.1.1"
  resolved "https://registry.yarnpkg.com/natch/-/natch-1.1.1.tgz#ef20fd67fe2e3c4ff3c4e6634dacb43c0637ec33"
  integrity sha1-7yD9Z/4uPE/zxOZjTay0PAY37DM=

regenerator-runtime@^0.13.2:
  version "0.13.2"
  resolved "https://registry.yarnpkg.com/regenerator-runtime/-/regenerator-runtime-0.13.2.tgz#32e59c9a6fb9b1a4aff09b4930ca2d4477343447"
  integrity sha512-S/TQAZJO+D3m9xeN1WTI8dLKBBiRgXBlTJvbWjCThHWZj9EvHK70Ff50/tYj2J/fvBY6JtFVwRuazHN2E7M9BA==
